<?xml version="1.0" encoding="UTF-8"?>
<Scheme
   LastUpgradeVersion = "1340"
   version = "1.3">
   <BuildAction
      parallelizeBuildables = "YES"
      buildImplicitDependencies = "YES">
      <BuildActionEntries>
         <BuildActionEntry
            buildForTesting = "YES"
            buildForRunning = "YES"
            buildForProfiling = "YES"
            buildForArchiving = "YES"
            buildForAnalyzing = "YES">
            <BuildableReference
               BuildableIdentifier = "primary"
               BlueprintIdentifier = "BBA5793305FA64A3009AE66E"
               BuildableName = "play"
               BlueprintName = "play"
               ReferencedContainer = "container:cytosim.xcodeproj">
            </BuildableReference>
         </BuildActionEntry>
      </BuildActionEntries>
   </BuildAction>
   <TestAction
      buildConfiguration = "Debug"
      selectedDebuggerIdentifier = "Xcode.DebuggerFoundation.Debugger.LLDB"
      selectedLauncherIdentifier = "Xcode.DebuggerFoundation.Launcher.LLDB"
      shouldUseLaunchSchemeArgsEnv = "YES">
      <MacroExpansion>
         <BuildableReference
            BuildableIdentifier = "primary"
            BlueprintIdentifier = "BBA5793305FA64A3009AE66E"
            BuildableName = "play"
            BlueprintName = "play"
            ReferencedContainer = "container:cytosim.xcodeproj">
         </BuildableReference>
      </MacroExpansion>
      <Testables>
      </Testables>
   </TestAction>
   <LaunchAction
      buildConfiguration = "Debug"
      selectedDebuggerIdentifier = "Xcode.DebuggerFoundation.Debugger.LLDB"
      selectedLauncherIdentifier = "Xcode.DebuggerFoundation.Launcher.LLDB"
      enableUBSanitizer = "YES"
      disableMainThreadChecker = "YES"
      launchStyle = "0"
      useCustomWorkingDirectory = "YES"
      customWorkingDirectory = "~/code/cytosim"
      ignoresPersistentStateOnLaunch = "NO"
      debugDocumentVersioning = "YES"
      migratedStopOnEveryIssue = "YES"
      debugServiceExtension = "internal"
      allowLocationSimulation = "YES">
      <BuildableProductRunnable
         runnableDebuggingMode = "0">
         <BuildableReference
            BuildableIdentifier = "primary"
            BlueprintIdentifier = "BBA5793305FA64A3009AE66E"
            BuildableName = "play"
            BlueprintName = "play"
            ReferencedContainer = "container:cytosim.xcodeproj">
         </BuildableReference>
      </BuildableProductRunnable>
      <CommandLineArguments>
         <CommandLineArgument
            argument = "live"
            isEnabled = "YES">
         </CommandLineArgument>
         <CommandLineArgument
            argument = "cym"
            isEnabled = "NO">
         </CommandLineArgument>
         <CommandLineArgument
            argument = "style.cyp"
            isEnabled = "NO">
         </CommandLineArgument>
         <CommandLineArgument
            argument = "image"
            isEnabled = "NO">
         </CommandLineArgument>
         <CommandLineArgument
            argument = "label=none"
            isEnabled = "NO">
         </CommandLineArgument>
         <CommandLineArgument
            argument = "frame=1000"
            isEnabled = "NO">
         </CommandLineArgument>
         <CommandLineArgument
            argument = "tubule.cym"
            isEnabled = "NO">
         </CommandLineArgument>
         <CommandLineArgument
            argument = "cym/endocytosis.cym"
            isEnabled = "NO">
         </CommandLineArgument>
         <CommandLineArgument
            argument = "cym/event.cym"
            isEnabled = "NO">
         </CommandLineArgument>
         <CommandLineArgument
            argument = "platelet.cym"
            isEnabled = "NO">
         </CommandLineArgument>
         <CommandLineArgument
            argument = "aster_texas.cym"
            isEnabled = "NO">
         </CommandLineArgument>
         <CommandLineArgument
            argument = "overlap.cym"
            isEnabled = "NO">
         </CommandLineArgument>
         <CommandLineArgument
            argument = "steric.cym"
            isEnabled = "NO">
         </CommandLineArgument>
         <CommandLineArgument
            argument = "self.cym"
            isEnabled = "NO">
         </CommandLineArgument>
         <CommandLineArgument
            argument = "fiber.cym"
            isEnabled = "NO">
         </CommandLineArgument>
         <CommandLineArgument
            argument = "beat.cym"
            isEnabled = "NO">
         </CommandLineArgument>
      </CommandLineArguments>
      <AdditionalOptions>
         <AdditionalOption
            key = "MallocScribble"
            value = ""
            isEnabled = "YES">
         </AdditionalOption>
      </AdditionalOptions>
   </LaunchAction>
   <ProfileAction
      buildConfiguration = "Release"
      shouldUseLaunchSchemeArgsEnv = "YES"
      savedToolIdentifier = ""
      useCustomWorkingDirectory = "NO"
      debugDocumentVersioning = "YES">
      <BuildableProductRunnable
         runnableDebuggingMode = "0">
         <BuildableReference
            BuildableIdentifier = "primary"
            BlueprintIdentifier = "BBA5793305FA64A3009AE66E"
            BuildableName = "play"
            BlueprintName = "play"
            ReferencedContainer = "container:cytosim.xcodeproj">
         </BuildableReference>
      </BuildableProductRunnable>
   </ProfileAction>
   <AnalyzeAction
      buildConfiguration = "Debug">
   </AnalyzeAction>
   <ArchiveAction
      buildConfiguration = "Release"
      revealArchiveInOrganizer = "YES">
   </ArchiveAction>
</Scheme>
